{
    "version": "0.5",
    "requires": [
        "zlib/1.3.1#cac0f6daea041b0ccf42934163defb20%1765284699.337",
        "xz_utils/5.8.3#a8432fead347c69d8b2737c35f936132%1775752656.4",
        "wxwidgets/3.3.2#66848de6f87c22ee7887a02a0b3366a9%1786578772.609456",
        "qhull/8.0.2#7f8feda445c3a0929a12a571ff049177%1766510792.899",
        "pcre2/10.42#a0b25dffca18f5987304619e9c93fb44%1783075188.143",
        "openssl/1.1.1w#a8f0792d7c5121b954578a7149d23e03%1717541485.78",
        "opengl/system#cfcf523b9d2bad75cbf377f56562634c%1762526044.744",
        "opencv/4.5.5#70f455c3089a8022503f43284f66920e%1741292764.026",
        "opencascade/7.6.0#829790495f2cad5cf49a29de51e9819b%1786578773.2117498",
        "onetbb/2021.7.0#dcead5e2c35d3ff519fb700720b5922b%1769010600.528",
        "nlopt/2.9.1#bab47524b48c2966734fd31585bb3d28%1737121558.392",
        "nanosvg/cci.20231025#37554b5fb7b1882fd830bd1744c2b47b%1699160566.207",
        "mpfr/4.2.1#3ea0c62e07e64e2be1518445351eb407%1758013189.65",
        "libwebp/1.6.0#eb5f8e35fc95980e32b5544a33a270b4%1754386366.205",
        "libtiff/4.7.2#7283595b6a38d0781953fa63881e0e92%1783597163.469",
        "libpng/1.6.47#d7ad969de6b0a72704cf03d6ef17648b%1740028982.292",
        "libnoise/1.0.0#3f312f98ea3c5b0e823f6f4ca5306a35%1741857572.02",
        "libjpeg-turbo/3.0.2#c0b1d3fc39708ef1acf449a3bcbaea69%1784098621.202",
        "libcurl/7.86.0#167caed693de03e80e7182393f921867%1717082899.602",
        "hwloc/2.12.2#f376a3d8ac7d26a327892fba2d285a5a%1785329292.742",
        "gmp/6.3.0#187de23af494e24e69bf9dfc1966a60d%1762267612.152",
        "glfw/3.4#41cc24c744dc4c80571f5dd10dcd9cda%1732635892.515",
        "freetype/2.12.1#fd62b3266d41e19c147ff11a0313d3c6%1743154806.277",
        "expat/2.8.2#47bed4455ba060e4104dc20d6a448c34%1782406491.478",
        "eigen/5.0.1#5f0f72e012979ebc4dfc038c701b81ea%1782832367.568",
        "draco/1.5.7#473961560821865c79deb9fa007e1641%1784010407.075",
        "cgal/5.6.3#8f059a19d9d1e5e78a36b0fe2aa9b5ab%1762854015.904",
        "cereal/1.3.0#14656d67775c6fbc48e6d040943093ef%1700638910.368",
        "bzip2/1.0.8#c470882369c2d95c5c77e970c0c7e321%1762886692.465",
        "brotli/1.1.0#3f631ef77008f7b5eb388780116371a3%1764862343.045",
        "boost/1.84.0#9603f598b872f2951b7a5ef9ea015641%1783338739.166"
    ],
    "build_requires": [
        "yasm/1.3.0#c0bc84844465e1cd7850c820ad5b09b6%1752493247.057",
        "strawberryperl/5.32.1.1#8d114504d172cfea8ea1662d09b6333e%1751971032.423",
        "pkgconf/2.1.0#21f96520faf7660b99f872e956d2ac13%1755505630.82",
        "ninja/1.13.2#c8c5dc2a52ed6e4e42a66d75b4717ceb%1764096931.974",
        "nasm/2.16.01#31e26f2ee3c4346ecd347911bd126904%1745483323.489",
        "nasm/2.15.05#f7d6a6f3b14f583e001d9ae84e8cd152%1745483325.985",
        "msys2/cci.latest#d22fe7b2808f5fd34d0a7923ace9c54f%1770657326.649",
        "meson/1.10.2#9d2d10681fe7fe61c788c58626c89b25%1775558003.754",
        "m4/1.4.19#1727f439cf74e83826ec96d0b4904eee%1784541921.659",
        "libiconv/1.17#9923bc6dc6f106646d6967e0039a5ada%1774021608.288",
        "gettext/0.26#28c867efd4914f03c6c05da08a23c35b%1765299118.633",
        "cmake/4.4.2#8a0d360635c870b1d5c675489ee25074%1786458127.662",
        "cmake/3.31.12#173a926abc2b77f03c826b6fd6539426%1779785723.158",
        "b2/5.5.3#043a75bcbb090e3f81f7ac849850d0ca%1784261134.143",
        "automake/1.16.5#b91b7c384c3deaa9d535be02da14d04f%1755524470.56",
        "autoconf/2.71#51077f068e61700d65bb05541ea1e4b0%1731054366.86"
    ],
    "python_requires": [],
    "config_requires": []
}
